
Microsoft Visual Studio Solution File, Format Version 12.00
# Visual Studio 14
VisualStudioVersion = 14.0.25123.0
MinimumVisualStudioVersion = 10.0.40219.1
Project("{8BC9CEB8-8B4A-11D0-8D11-00A0C91BC942}") = "检查一个数是否为质数", "检查一个数是否为质数\检查一个数是否为质数.vcxproj", "{D1D73AA6-685F-4AC3-BE5F-1D141BE9D851}"
EndProject
Project("{8BC9CEB8-8B4A-11D0-8D11-00A0C91BC942}") = "Geek Challenge [SKRZAT] (Base Minus Two)", "Geek Challenge [SKRZAT] (Base Minus Two)\Geek Challenge [SKRZAT] (Base Minus Two).vcxproj", "{636FDDC3-315B-41B0-8322-4D8ADCCDBFBA}"
EndProject
Project("{8BC9CEB8-8B4A-11D0-8D11-00A0C91BC942}") = "最大公约数和最小公倍数", "最大公约数和最小公倍数\最大公约数和最小公倍数.vcxproj", "{A2A991E0-9B1B-4803-B7C2-07C22585D232}"
EndProject
Project("{8BC9CEB8-8B4A-11D0-8D11-00A0C91BC942}") = "数字整除", "数字整除\数字整除.vcxproj", "{C4B25F58-4386-47A9-8A24-EE3511B5CAF6}"
EndProject
Project("{8BC9CEB8-8B4A-11D0-8D11-00A0C91BC942}") = "阶乘问题", "阶乘问题\阶乘问题.vcxproj", "{72AF6F4E-D737-433E-BBE1-F71416F2438B}"
EndProject
Project("{8BC9CEB8-8B4A-11D0-8D11-00A0C91BC942}") = "3进制计算机", "3进制计算机\3进制计算机.vcxproj", "{6E189091-F05B-4C0E-80C8-6617A7C87980}"
EndProject
Project("{8BC9CEB8-8B4A-11D0-8D11-00A0C91BC942}") = "明7暗7-2", "明7暗72\明7暗72.vcxproj", "{877F32B6-7482-42B2-938F-E987EC94685E}"
EndProject
Project("{8BC9CEB8-8B4A-11D0-8D11-00A0C91BC942}") = "单色三角形", "单色三角形\单色三角形.vcxproj", "{F6D7E389-2197-4AEC-B4C2-C7BD92648DB4}"
EndProject
Project("{8BC9CEB8-8B4A-11D0-8D11-00A0C91BC942}") = "涂色游戏", "涂色游戏\涂色游戏.vcxproj", "{3C328B52-D1D8-4D63-AF1F-1284A5BBA61C}"
EndProject
Project("{8BC9CEB8-8B4A-11D0-8D11-00A0C91BC942}") = "Infinite 3", "Infinite 3\Infinite 3.vcxproj", "{D5A378FA-4219-407B-A9B2-4B328D301AAB}"
EndProject
Project("{8BC9CEB8-8B4A-11D0-8D11-00A0C91BC942}") = "Easy Problem", "Easy Problem\Easy Problem.vcxproj", "{D0D0AC61-1CFE-4E0F-A721-0CBD9C988BA2}"
EndProject
Project("{8BC9CEB8-8B4A-11D0-8D11-00A0C91BC942}") = "Even or Odd", "Even or Odd\Even or Odd.vcxproj", "{F811708E-40A3-45F7-8CAB-073103747285}"
EndProject
Project("{8BC9CEB8-8B4A-11D0-8D11-00A0C91BC942}") = "正五边形环", "正五边形环\正五边形环.vcxproj", "{37AC7D3D-E183-471F-8709-CDC4E8F821C4}"
EndProject
Project("{8BC9CEB8-8B4A-11D0-8D11-00A0C91BC942}") = "数字游戏", "数字游戏\数字游戏.vcxproj", "{68D271EA-98C8-40A3-B963-AD29B2145BA1}"
EndProject
Project("{8BC9CEB8-8B4A-11D0-8D11-00A0C91BC942}") = "小明系列之高中时光", "小明系列之高中时光\小明系列之高中时光.vcxproj", "{FE41F55D-5B37-4711-B8E7-6304D3983A98}"
EndProject
Global
	GlobalSection(SolutionConfigurationPlatforms) = preSolution
		Debug|x64 = Debug|x64
		Debug|x86 = Debug|x86
		Release|x64 = Release|x64
		Release|x86 = Release|x86
	EndGlobalSection
	GlobalSection(ProjectConfigurationPlatforms) = postSolution
		{D1D73AA6-685F-4AC3-BE5F-1D141BE9D851}.Debug|x64.ActiveCfg = Debug|x64
		{D1D73AA6-685F-4AC3-BE5F-1D141BE9D851}.Debug|x64.Build.0 = Debug|x64
		{D1D73AA6-685F-4AC3-BE5F-1D141BE9D851}.Debug|x86.ActiveCfg = Debug|Win32
		{D1D73AA6-685F-4AC3-BE5F-1D141BE9D851}.Debug|x86.Build.0 = Debug|Win32
		{D1D73AA6-685F-4AC3-BE5F-1D141BE9D851}.Release|x64.ActiveCfg = Release|x64
		{D1D73AA6-685F-4AC3-BE5F-1D141BE9D851}.Release|x64.Build.0 = Release|x64
		{D1D73AA6-685F-4AC3-BE5F-1D141BE9D851}.Release|x86.ActiveCfg = Release|Win32
		{D1D73AA6-685F-4AC3-BE5F-1D141BE9D851}.Release|x86.Build.0 = Release|Win32
		{636FDDC3-315B-41B0-8322-4D8ADCCDBFBA}.Debug|x64.ActiveCfg = Debug|x64
		{636FDDC3-315B-41B0-8322-4D8ADCCDBFBA}.Debug|x64.Build.0 = Debug|x64
		{636FDDC3-315B-41B0-8322-4D8ADCCDBFBA}.Debug|x86.ActiveCfg = Debug|Win32
		{636FDDC3-315B-41B0-8322-4D8ADCCDBFBA}.Debug|x86.Build.0 = Debug|Win32
		{636FDDC3-315B-41B0-8322-4D8ADCCDBFBA}.Release|x64.ActiveCfg = Release|x64
		{636FDDC3-315B-41B0-8322-4D8ADCCDBFBA}.Release|x64.Build.0 = Release|x64
		{636FDDC3-315B-41B0-8322-4D8ADCCDBFBA}.Release|x86.ActiveCfg = Release|Win32
		{636FDDC3-315B-41B0-8322-4D8ADCCDBFBA}.Release|x86.Build.0 = Release|Win32
		{A2A991E0-9B1B-4803-B7C2-07C22585D232}.Debug|x64.ActiveCfg = Debug|x64
		{A2A991E0-9B1B-4803-B7C2-07C22585D232}.Debug|x64.Build.0 = Debug|x64
		{A2A991E0-9B1B-4803-B7C2-07C22585D232}.Debug|x86.ActiveCfg = Debug|Win32
		{A2A991E0-9B1B-4803-B7C2-07C22585D232}.Debug|x86.Build.0 = Debug|Win32
		{A2A991E0-9B1B-4803-B7C2-07C22585D232}.Release|x64.ActiveCfg = Release|x64
		{A2A991E0-9B1B-4803-B7C2-07C22585D232}.Release|x64.Build.0 = Release|x64
		{A2A991E0-9B1B-4803-B7C2-07C22585D232}.Release|x86.ActiveCfg = Release|Win32
		{A2A991E0-9B1B-4803-B7C2-07C22585D232}.Release|x86.Build.0 = Release|Win32
		{C4B25F58-4386-47A9-8A24-EE3511B5CAF6}.Debug|x64.ActiveCfg = Debug|x64
		{C4B25F58-4386-47A9-8A24-EE3511B5CAF6}.Debug|x64.Build.0 = Debug|x64
		{C4B25F58-4386-47A9-8A24-EE3511B5CAF6}.Debug|x86.ActiveCfg = Debug|Win32
		{C4B25F58-4386-47A9-8A24-EE3511B5CAF6}.Debug|x86.Build.0 = Debug|Win32
		{C4B25F58-4386-47A9-8A24-EE3511B5CAF6}.Release|x64.ActiveCfg = Release|x64
		{C4B25F58-4386-47A9-8A24-EE3511B5CAF6}.Release|x64.Build.0 = Release|x64
		{C4B25F58-4386-47A9-8A24-EE3511B5CAF6}.Release|x86.ActiveCfg = Release|Win32
		{C4B25F58-4386-47A9-8A24-EE3511B5CAF6}.Release|x86.Build.0 = Release|Win32
		{72AF6F4E-D737-433E-BBE1-F71416F2438B}.Debug|x64.ActiveCfg = Debug|x64
		{72AF6F4E-D737-433E-BBE1-F71416F2438B}.Debug|x64.Build.0 = Debug|x64
		{72AF6F4E-D737-433E-BBE1-F71416F2438B}.Debug|x86.ActiveCfg = Debug|Win32
		{72AF6F4E-D737-433E-BBE1-F71416F2438B}.Debug|x86.Build.0 = Debug|Win32
		{72AF6F4E-D737-433E-BBE1-F71416F2438B}.Release|x64.ActiveCfg = Release|x64
		{72AF6F4E-D737-433E-BBE1-F71416F2438B}.Release|x64.Build.0 = Release|x64
		{72AF6F4E-D737-433E-BBE1-F71416F2438B}.Release|x86.ActiveCfg = Release|Win32
		{72AF6F4E-D737-433E-BBE1-F71416F2438B}.Release|x86.Build.0 = Release|Win32
		{6E189091-F05B-4C0E-80C8-6617A7C87980}.Debug|x64.ActiveCfg = Debug|x64
		{6E189091-F05B-4C0E-80C8-6617A7C87980}.Debug|x64.Build.0 = Debug|x64
		{6E189091-F05B-4C0E-80C8-6617A7C87980}.Debug|x86.ActiveCfg = Debug|Win32
		{6E189091-F05B-4C0E-80C8-6617A7C87980}.Debug|x86.Build.0 = Debug|Win32
		{6E189091-F05B-4C0E-80C8-6617A7C87980}.Release|x64.ActiveCfg = Release|x64
		{6E189091-F05B-4C0E-80C8-6617A7C87980}.Release|x64.Build.0 = Release|x64
		{6E189091-F05B-4C0E-80C8-6617A7C87980}.Release|x86.ActiveCfg = Release|Win32
		{6E189091-F05B-4C0E-80C8-6617A7C87980}.Release|x86.Build.0 = Release|Win32
		{877F32B6-7482-42B2-938F-E987EC94685E}.Debug|x64.ActiveCfg = Debug|x64
		{877F32B6-7482-42B2-938F-E987EC94685E}.Debug|x64.Build.0 = Debug|x64
		{877F32B6-7482-42B2-938F-E987EC94685E}.Debug|x86.ActiveCfg = Debug|Win32
		{877F32B6-7482-42B2-938F-E987EC94685E}.Debug|x86.Build.0 = Debug|Win32
		{877F32B6-7482-42B2-938F-E987EC94685E}.Release|x64.ActiveCfg = Release|x64
		{877F32B6-7482-42B2-938F-E987EC94685E}.Release|x64.Build.0 = Release|x64
		{877F32B6-7482-42B2-938F-E987EC94685E}.Release|x86.ActiveCfg = Release|Win32
		{877F32B6-7482-42B2-938F-E987EC94685E}.Release|x86.Build.0 = Release|Win32
		{F6D7E389-2197-4AEC-B4C2-C7BD92648DB4}.Debug|x64.ActiveCfg = Debug|x64
		{F6D7E389-2197-4AEC-B4C2-C7BD92648DB4}.Debug|x64.Build.0 = Debug|x64
		{F6D7E389-2197-4AEC-B4C2-C7BD92648DB4}.Debug|x86.ActiveCfg = Debug|Win32
		{F6D7E389-2197-4AEC-B4C2-C7BD92648DB4}.Debug|x86.Build.0 = Debug|Win32
		{F6D7E389-2197-4AEC-B4C2-C7BD92648DB4}.Release|x64.ActiveCfg = Release|x64
		{F6D7E389-2197-4AEC-B4C2-C7BD92648DB4}.Release|x64.Build.0 = Release|x64
		{F6D7E389-2197-4AEC-B4C2-C7BD92648DB4}.Release|x86.ActiveCfg = Release|Win32
		{F6D7E389-2197-4AEC-B4C2-C7BD92648DB4}.Release|x86.Build.0 = Release|Win32
		{3C328B52-D1D8-4D63-AF1F-1284A5BBA61C}.Debug|x64.ActiveCfg = Debug|x64
		{3C328B52-D1D8-4D63-AF1F-1284A5BBA61C}.Debug|x64.Build.0 = Debug|x64
		{3C328B52-D1D8-4D63-AF1F-1284A5BBA61C}.Debug|x86.ActiveCfg = Debug|Win32
		{3C328B52-D1D8-4D63-AF1F-1284A5BBA61C}.Debug|x86.Build.0 = Debug|Win32
		{3C328B52-D1D8-4D63-AF1F-1284A5BBA61C}.Release|x64.ActiveCfg = Release|x64
		{3C328B52-D1D8-4D63-AF1F-1284A5BBA61C}.Release|x64.Build.0 = Release|x64
		{3C328B52-D1D8-4D63-AF1F-1284A5BBA61C}.Release|x86.ActiveCfg = Release|Win32
		{3C328B52-D1D8-4D63-AF1F-1284A5BBA61C}.Release|x86.Build.0 = Release|Win32
		{D5A378FA-4219-407B-A9B2-4B328D301AAB}.Debug|x64.ActiveCfg = Debug|x64
		{D5A378FA-4219-407B-A9B2-4B328D301AAB}.Debug|x64.Build.0 = Debug|x64
		{D5A378FA-4219-407B-A9B2-4B328D301AAB}.Debug|x86.ActiveCfg = Debug|Win32
		{D5A378FA-4219-407B-A9B2-4B328D301AAB}.Debug|x86.Build.0 = Debug|Win32
		{D5A378FA-4219-407B-A9B2-4B328D301AAB}.Release|x64.ActiveCfg = Release|x64
		{D5A378FA-4219-407B-A9B2-4B328D301AAB}.Release|x64.Build.0 = Release|x64
		{D5A378FA-4219-407B-A9B2-4B328D301AAB}.Release|x86.ActiveCfg = Release|Win32
		{D5A378FA-4219-407B-A9B2-4B328D301AAB}.Release|x86.Build.0 = Release|Win32
		{D0D0AC61-1CFE-4E0F-A721-0CBD9C988BA2}.Debug|x64.ActiveCfg = Debug|x64
		{D0D0AC61-1CFE-4E0F-A721-0CBD9C988BA2}.Debug|x64.Build.0 = Debug|x64
		{D0D0AC61-1CFE-4E0F-A721-0CBD9C988BA2}.Debug|x86.ActiveCfg = Debug|Win32
		{D0D0AC61-1CFE-4E0F-A721-0CBD9C988BA2}.Debug|x86.Build.0 = Debug|Win32
		{D0D0AC61-1CFE-4E0F-A721-0CBD9C988BA2}.Release|x64.ActiveCfg = Release|x64
		{D0D0AC61-1CFE-4E0F-A721-0CBD9C988BA2}.Release|x64.Build.0 = Release|x64
		{D0D0AC61-1CFE-4E0F-A721-0CBD9C988BA2}.Release|x86.ActiveCfg = Release|Win32
		{D0D0AC61-1CFE-4E0F-A721-0CBD9C988BA2}.Release|x86.Build.0 = Release|Win32
		{F811708E-40A3-45F7-8CAB-073103747285}.Debug|x64.ActiveCfg = Debug|x64
		{F811708E-40A3-45F7-8CAB-073103747285}.Debug|x64.Build.0 = Debug|x64
		{F811708E-40A3-45F7-8CAB-073103747285}.Debug|x86.ActiveCfg = Debug|Win32
		{F811708E-40A3-45F7-8CAB-073103747285}.Debug|x86.Build.0 = Debug|Win32
		{F811708E-40A3-45F7-8CAB-073103747285}.Release|x64.ActiveCfg = Release|x64
		{F811708E-40A3-45F7-8CAB-073103747285}.Release|x64.Build.0 = Release|x64
		{F811708E-40A3-45F7-8CAB-073103747285}.Release|x86.ActiveCfg = Release|Win32
		{F811708E-40A3-45F7-8CAB-073103747285}.Release|x86.Build.0 = Release|Win32
		{37AC7D3D-E183-471F-8709-CDC4E8F821C4}.Debug|x64.ActiveCfg = Debug|x64
		{37AC7D3D-E183-471F-8709-CDC4E8F821C4}.Debug|x64.Build.0 = Debug|x64
		{37AC7D3D-E183-471F-8709-CDC4E8F821C4}.Debug|x86.ActiveCfg = Debug|Win32
		{37AC7D3D-E183-471F-8709-CDC4E8F821C4}.Debug|x86.Build.0 = Debug|Win32
		{37AC7D3D-E183-471F-8709-CDC4E8F821C4}.Release|x64.ActiveCfg = Release|x64
		{37AC7D3D-E183-471F-8709-CDC4E8F821C4}.Release|x64.Build.0 = Release|x64
		{37AC7D3D-E183-471F-8709-CDC4E8F821C4}.Release|x86.ActiveCfg = Release|Win32
		{37AC7D3D-E183-471F-8709-CDC4E8F821C4}.Release|x86.Build.0 = Release|Win32
		{68D271EA-98C8-40A3-B963-AD29B2145BA1}.Debug|x64.ActiveCfg = Debug|x64
		{68D271EA-98C8-40A3-B963-AD29B2145BA1}.Debug|x64.Build.0 = Debug|x64
		{68D271EA-98C8-40A3-B963-AD29B2145BA1}.Debug|x86.ActiveCfg = Debug|Win32
		{68D271EA-98C8-40A3-B963-AD29B2145BA1}.Debug|x86.Build.0 = Debug|Win32
		{68D271EA-98C8-40A3-B963-AD29B2145BA1}.Release|x64.ActiveCfg = Release|x64
		{68D271EA-98C8-40A3-B963-AD29B2145BA1}.Release|x64.Build.0 = Release|x64
		{68D271EA-98C8-40A3-B963-AD29B2145BA1}.Release|x86.ActiveCfg = Release|Win32
		{68D271EA-98C8-40A3-B963-AD29B2145BA1}.Release|x86.Build.0 = Release|Win32
		{FE41F55D-5B37-4711-B8E7-6304D3983A98}.Debug|x64.ActiveCfg = Debug|x64
		{FE41F55D-5B37-4711-B8E7-6304D3983A98}.Debug|x64.Build.0 = Debug|x64
		{FE41F55D-5B37-4711-B8E7-6304D3983A98}.Debug|x86.ActiveCfg = Debug|Win32
		{FE41F55D-5B37-4711-B8E7-6304D3983A98}.Debug|x86.Build.0 = Debug|Win32
		{FE41F55D-5B37-4711-B8E7-6304D3983A98}.Release|x64.ActiveCfg = Release|x64
		{FE41F55D-5B37-4711-B8E7-6304D3983A98}.Release|x64.Build.0 = Release|x64
		{FE41F55D-5B37-4711-B8E7-6304D3983A98}.Release|x86.ActiveCfg = Release|Win32
		{FE41F55D-5B37-4711-B8E7-6304D3983A98}.Release|x86.Build.0 = Release|Win32
	EndGlobalSection
	GlobalSection(SolutionProperties) = preSolution
		HideSolutionNode = FALSE
	EndGlobalSection
EndGlobal
